
Microsoft Visual Studio Solution File, Format Version 12.00
# Visual Studio Version 16
VisualStudioVersion = 16.0.30804.86
MinimumVisualStudioVersion = 10.0.40219.1
Project("{FAE04EC0-301F-11D3-BF4B-00C04F79EFBC}") = "RunPE", "RunPE\RunPE.csproj", "{A872CE1D-166A-4C8A-9EF2-0B7D28C8B2E9}"
EndProject
Global
	GlobalSection(SolutionConfigurationPlatforms) = preSolution
		Debug|Any CPU = Debug|Any CPU
		Release|Any CPU = Release|Any CPU
	EndGlobalSection
	GlobalSection(ProjectConfigurationPlatforms) = postSolution
		{A872CE1D-166A-4C8A-9EF2-0B7D28C8B2E9}.Debug|Any CPU.ActiveCfg = Debug|Any CPU
		{A872CE1D-166A-4C8A-9EF2-0B7D28C8B2E9}.Debug|Any CPU.Build.0 = Debug|Any CPU
		{A872CE1D-166A-4C8A-9EF2-0B7D28C8B2E9}.Release|Any CPU.ActiveCfg = Release|Any CPU
		{A872CE1D-166A-4C8A-9EF2-0B7D28C8B2E9}.Release|Any CPU.Build.0 = Release|Any CPU
	EndGlobalSection
	GlobalSection(SolutionProperties) = preSolution
		HideSolutionNode = FALSE
	EndGlobalSection
	GlobalSection(ExtensibilityGlobals) = postSolution
		SolutionGuid = {3CF05DA1-B4C2-4C6F-89A7-5329351DAAA7}
	EndGlobalSection
EndGlobal
